
Microsoft Visual Studio Solution File, Format Version 12.00
# Visual Studio Version 17
VisualStudioVersion = 17.9.34616.47
MinimumVisualStudioVersion = 10.0.40219.1
Project("{FAE04EC0-301F-11D3-BF4B-00C04F79EFBC}") = "MinValue ConsoleApp", "MinValue ConsoleApp\MinValue ConsoleApp.csproj", "{3D7371AF-9C1F-4743-BC04-DE32433F1279}"
EndProject
Global
	GlobalSection(SolutionConfigurationPlatforms) = preSolution
		Debug|Any CPU = Debug|Any CPU
		Release|Any CPU = Release|Any CPU
	EndGlobalSection
	GlobalSection(ProjectConfigurationPlatforms) = postSolution
		{3D7371AF-9C1F-4743-BC04-DE32433F1279}.Debug|Any CPU.ActiveCfg = Debug|Any CPU
		{3D7371AF-9C1F-4743-BC04-DE32433F1279}.Debug|Any CPU.Build.0 = Debug|Any CPU
		{3D7371AF-9C1F-4743-BC04-DE32433F1279}.Release|Any CPU.ActiveCfg = Release|Any CPU
		{3D7371AF-9C1F-4743-BC04-DE32433F1279}.Release|Any CPU.Build.0 = Release|Any CPU
	EndGlobalSection
	GlobalSection(SolutionProperties) = preSolution
		HideSolutionNode = FALSE
	EndGlobalSection
	GlobalSection(ExtensibilityGlobals) = postSolution
		SolutionGuid = {77571EB9-EA41-4DAD-A04E-0C0B68BD7D32}
	EndGlobalSection
EndGlobal
